PODS:
  - Firebase (1.1.1)
  - MMDrawerController (0.4.0):
    - MMDrawerController/Core
    - MMDrawerController/MMDrawerBarButtonItem
    - MMDrawerController/MMDrawerVisualStates
    - MMDrawerController/Subclass
  - MMDrawerController+Storyboard (0.0.1):
    - MMDrawerController (~> 0.4.0)
  - MMDrawerController/Core (0.4.0)
  - MMDrawerController/MMDrawerBarButtonItem (0.4.0):
    - MMDrawerController/Core
  - MMDrawerController/MMDrawerVisualStates (0.4.0):
    - MMDrawerController/Core
  - MMDrawerController/Subclass (0.4.0):
    - MMDrawerController/Core

DEPENDENCIES:
  - Firebase (~> 1.1.1)
  - MMDrawerController+Storyboard (~> 0.0.1)

SPEC CHECKSUMS:
  Firebase: dbe43438045e6208f42d2624b43bc9195fb840f1
  MMDrawerController: 44baaee6b79487b4681eb61597fb790586909c0c
  MMDrawerController+Storyboard: b245b3a2ff977df8501ca1b99efd2c097d0b39dd

COCOAPODS: 0.28.0
