PODS:
  - Firebase (1.0.5)
  - JSONKit (1.5pre)
  - MMDrawerController (0.4.0):
    - MMDrawerController/Core
    - MMDrawerController/MMDrawerBarButtonItem
    - MMDrawerController/MMDrawerVisualStates
    - MMDrawerController/Subclass
  - MMDrawerController/Core (0.4.0)
  - MMDrawerController/MMDrawerBarButtonItem (0.4.0):
    - MMDrawerController/Core
  - MMDrawerController/MMDrawerVisualStates (0.4.0):
    - MMDrawerController/Core
  - MMDrawerController/Subclass (0.4.0):
    - MMDrawerController/Core

DEPENDENCIES:
  - Firebase (~> 1.0.0)
  - JSONKit
  - MMDrawerController (~> 0.4.0)

SPEC CHECKSUMS:
  Firebase: 2fb2f4ff81aef609bf76d3ac713fbf1525905209
  JSONKit: 409734ab3407fce90ef7eaa95d7168f38d9a6601
  MMDrawerController: 44baaee6b79487b4681eb61597fb790586909c0c

COCOAPODS: 0.28.0
