// !$*UTF8*$!
{
	archiveVersion = 1;
	classes = {
	};
	objectVersion = 46;
	objects = {

/* Begin PBXBuildFile section */
		170A067B18644A3B00E17B4C /* AXQSlide.m in Sources */ = {isa = PBXBuildFile; fileRef = 170A067A18644A3B00E17B4C /* AXQSlide.m */; };
		170A067E18644D0400E17B4C /* AXControl.m in Sources */ = {isa = PBXBuildFile; fileRef = 170A067D18644D0400E17B4C /* AXControl.m */; };
		170A8E18178F59AD00853682 /* UIKit.framework in Frameworks */ = {isa = PBXBuildFile; fileRef = 170A8E17178F59AD00853682 /* UIKit.framework */; };
		170A8E1A178F59AD00853682 /* Foundation.framework in Frameworks */ = {isa = PBXBuildFile; fileRef = 170A8E19178F59AD00853682 /* Foundation.framework */; };
		170A8E1C178F59AD00853682 /* CoreGraphics.framework in Frameworks */ = {isa = PBXBuildFile; fileRef = 170A8E1B178F59AD00853682 /* CoreGraphics.framework */; };
		170A8E22178F59AE00853682 /* InfoPlist.strings in Resources */ = {isa = PBXBuildFile; fileRef = 170A8E20178F59AE00853682 /* InfoPlist.strings */; };
		170A8E24178F59AE00853682 /* main.m in Sources */ = {isa = PBXBuildFile; fileRef = 170A8E23178F59AE00853682 /* main.m */; };
		170A8E28178F59AE00853682 /* AXAppDelegate.m in Sources */ = {isa = PBXBuildFile; fileRef = 170A8E27178F59AE00853682 /* AXAppDelegate.m */; };
		170A8E2A178F59AE00853682 /* Default.png in Resources */ = {isa = PBXBuildFile; fileRef = 170A8E29178F59AE00853682 /* Default.png */; };
		170A8E2C178F59AE00853682 /* Default@2x.png in Resources */ = {isa = PBXBuildFile; fileRef = 170A8E2B178F59AE00853682 /* Default@2x.png */; };
		170A8E2E178F59AE00853682 /* Default-568h@2x.png in Resources */ = {isa = PBXBuildFile; fileRef = 170A8E2D178F59AE00853682 /* Default-568h@2x.png */; };
		170A8E31178F59AE00853682 /* MainStoryboard_iPhone.storyboard in Resources */ = {isa = PBXBuildFile; fileRef = 170A8E2F178F59AE00853682 /* MainStoryboard_iPhone.storyboard */; };
		170A8E37178F59AE00853682 /* AXViewController.m in Sources */ = {isa = PBXBuildFile; fileRef = 170A8E36178F59AE00853682 /* AXViewController.m */; };
		170A8E3F178F59AE00853682 /* SenTestingKit.framework in Frameworks */ = {isa = PBXBuildFile; fileRef = 170A8E3E178F59AE00853682 /* SenTestingKit.framework */; };
		170A8E40178F59AE00853682 /* UIKit.framework in Frameworks */ = {isa = PBXBuildFile; fileRef = 170A8E17178F59AD00853682 /* UIKit.framework */; };
		170A8E41178F59AE00853682 /* Foundation.framework in Frameworks */ = {isa = PBXBuildFile; fileRef = 170A8E19178F59AD00853682 /* Foundation.framework */; };
		170A8E49178F59AE00853682 /* InfoPlist.strings in Resources */ = {isa = PBXBuildFile; fileRef = 170A8E47178F59AE00853682 /* InfoPlist.strings */; };
		170A8E4C178F59AE00853682 /* qCommanderTests.m in Sources */ = {isa = PBXBuildFile; fileRef = 170A8E4B178F59AE00853682 /* qCommanderTests.m */; };
		170A8E56178F6F7200853682 /* libicucore.dylib in Frameworks */ = {isa = PBXBuildFile; fileRef = 170A8E55178F6F7200853682 /* libicucore.dylib */; };
		170A8E58178F6F7B00853682 /* CFNetwork.framework in Frameworks */ = {isa = PBXBuildFile; fileRef = 170A8E57178F6F7B00853682 /* CFNetwork.framework */; };
		170A8E5A178F6F8500853682 /* Security.framework in Frameworks */ = {isa = PBXBuildFile; fileRef = 170A8E59178F6F8500853682 /* Security.framework */; };
		172B1EDE185E3B510060C973 /* AXRemoteController.m in Sources */ = {isa = PBXBuildFile; fileRef = 172B1EDD185E3B510060C973 /* AXRemoteController.m */; };
		1747F771178FCF1700FC2BF9 /* libzbar.a in Frameworks */ = {isa = PBXBuildFile; fileRef = 1747F76B178FCF1700FC2BF9 /* libzbar.a */; };
		1747F772178FCF1700FC2BF9 /* zbar-back.png in Resources */ = {isa = PBXBuildFile; fileRef = 1747F76D178FCF1700FC2BF9 /* zbar-back.png */; };
		1747F773178FCF1700FC2BF9 /* zbar-help.html in Resources */ = {isa = PBXBuildFile; fileRef = 1747F76E178FCF1700FC2BF9 /* zbar-help.html */; };
		1747F774178FCF1700FC2BF9 /* zbar-helpicons.png in Resources */ = {isa = PBXBuildFile; fileRef = 1747F76F178FCF1700FC2BF9 /* zbar-helpicons.png */; };
		1747F775178FCF1700FC2BF9 /* zbar-samples.png in Resources */ = {isa = PBXBuildFile; fileRef = 1747F770178FCF1700FC2BF9 /* zbar-samples.png */; };
		1747F777178FCF6100FC2BF9 /* AVFoundation.framework in Frameworks */ = {isa = PBXBuildFile; fileRef = 1747F776178FCF6100FC2BF9 /* AVFoundation.framework */; };
		1747F779178FCF6C00FC2BF9 /* CoreMedia.framework in Frameworks */ = {isa = PBXBuildFile; fileRef = 1747F778178FCF6C00FC2BF9 /* CoreMedia.framework */; };
		1747F77B178FCF7500FC2BF9 /* CoreVideo.framework in Frameworks */ = {isa = PBXBuildFile; fileRef = 1747F77A178FCF7500FC2BF9 /* CoreVideo.framework */; };
		1747F77D178FCF7F00FC2BF9 /* QuartzCore.framework in Frameworks */ = {isa = PBXBuildFile; fileRef = 1747F77C178FCF7F00FC2BF9 /* QuartzCore.framework */; };
		1747F77F178FCF8A00FC2BF9 /* libiconv.dylib in Frameworks */ = {isa = PBXBuildFile; fileRef = 1747F77E178FCF8A00FC2BF9 /* libiconv.dylib */; };
		174D31CF185F1558003A2E68 /* HelpPageViewController.m in Sources */ = {isa = PBXBuildFile; fileRef = 174D31CE185F1558003A2E68 /* HelpPageViewController.m */; };
		1753F10E187C06190064C69B /* AXHelpViewController.m in Sources */ = {isa = PBXBuildFile; fileRef = 1753F10D187C06190064C69B /* AXHelpViewController.m */; };
		177921E2185E4D7100EF5CE2 /* SystemConfiguration.framework in Frameworks */ = {isa = PBXBuildFile; fileRef = 177921E0185E402300EF5CE2 /* SystemConfiguration.framework */; };
		177921E8185E4F9A00EF5CE2 /* UIViewController+BackButton.m in Sources */ = {isa = PBXBuildFile; fileRef = 177921E7185E4F9A00EF5CE2 /* UIViewController+BackButton.m */; };
		177CEF5D1870EAA60004D3D8 /* MediaPlayer.framework in Frameworks */ = {isa = PBXBuildFile; fileRef = 177CEF5C1870EAA60004D3D8 /* MediaPlayer.framework */; };
		1786239F18704460008F2BD7 /* MobileCoreServices.framework in Frameworks */ = {isa = PBXBuildFile; fileRef = 1786239E18704460008F2BD7 /* MobileCoreServices.framework */; };
		1796D1631882250D001E2C3B /* MainStoryboard_iPad.storyboard in Resources */ = {isa = PBXBuildFile; fileRef = 1796D1611882250D001E2C3B /* MainStoryboard_iPad.storyboard */; };
		17A72E381872BE8B0028A66A /* empty_sound.mp3 in Resources */ = {isa = PBXBuildFile; fileRef = 17A72E371872BE8B0028A66A /* empty_sound.mp3 */; };
		17A89AB4187A1015005E2526 /* first@2x.png in Resources */ = {isa = PBXBuildFile; fileRef = 17A89AAE187A1015005E2526 /* first@2x.png */; };
		17A89AB5187A1015005E2526 /* last@2x.png in Resources */ = {isa = PBXBuildFile; fileRef = 17A89AAF187A1015005E2526 /* last@2x.png */; };
		17A89AB7187A110F005E2526 /* play@2x.png in Resources */ = {isa = PBXBuildFile; fileRef = 17A89AB6187A110F005E2526 /* play@2x.png */; };
		17A89ABA187A11DE005E2526 /* next@2x.png in Resources */ = {isa = PBXBuildFile; fileRef = 17A89AB8187A11DE005E2526 /* next@2x.png */; };
		17A89ABB187A11DE005E2526 /* prev@2x.png in Resources */ = {isa = PBXBuildFile; fileRef = 17A89AB9187A11DE005E2526 /* prev@2x.png */; };
		17A89ABD187A14F3005E2526 /* slide_pop@2x.png in Resources */ = {isa = PBXBuildFile; fileRef = 17A89ABC187A14F3005E2526 /* slide_pop@2x.png */; };
		17A89ABF187A5D36005E2526 /* camera@2x.png in Resources */ = {isa = PBXBuildFile; fileRef = 17A89ABE187A5D36005E2526 /* camera@2x.png */; };
		17A89AC3187A6F2F005E2526 /* help@2x.png in Resources */ = {isa = PBXBuildFile; fileRef = 17A89AC2187A6F2F005E2526 /* help@2x.png */; };
		17A89AC5187A6F87005E2526 /* help_s@2x.png in Resources */ = {isa = PBXBuildFile; fileRef = 17A89AC4187A6F87005E2526 /* help_s@2x.png */; };
		17A89AC7187A7410005E2526 /* help2@2x.png in Resources */ = {isa = PBXBuildFile; fileRef = 17A89AC6187A7410005E2526 /* help2@2x.png */; };
		17A89AD3187A797E005E2526 /* sd@2x.png in Resources */ = {isa = PBXBuildFile; fileRef = 17A89AD1187A797E005E2526 /* sd@2x.png */; };
		17A89AD9187A7AD3005E2526 /* rabbit_full@2x.png in Resources */ = {isa = PBXBuildFile; fileRef = 17A89AD5187A7AD3005E2526 /* rabbit_full@2x.png */; };
		17A89ADA187A7AD3005E2526 /* rs@2x.png in Resources */ = {isa = PBXBuildFile; fileRef = 17A89AD6187A7AD3005E2526 /* rs@2x.png */; };
		17A89ADB187A7AD3005E2526 /* ss.png in Resources */ = {isa = PBXBuildFile; fileRef = 17A89AD7187A7AD3005E2526 /* ss.png */; };
		17A89ADC187A7AD3005E2526 /* ss_full@2x.png in Resources */ = {isa = PBXBuildFile; fileRef = 17A89AD8187A7AD3005E2526 /* ss_full@2x.png */; };
		17A913FA187D4A4000EEDCAD /* page1.png in Resources */ = {isa = PBXBuildFile; fileRef = 17A913F6187D4A4000EEDCAD /* page1.png */; };
		17A913FB187D4A4000EEDCAD /* page2.png in Resources */ = {isa = PBXBuildFile; fileRef = 17A913F7187D4A4000EEDCAD /* page2.png */; };
		17A913FC187D4A4000EEDCAD /* page3.png in Resources */ = {isa = PBXBuildFile; fileRef = 17A913F8187D4A4000EEDCAD /* page3.png */; };
		17A913FD187D4A4000EEDCAD /* page4.png in Resources */ = {isa = PBXBuildFile; fileRef = 17A913F9187D4A4000EEDCAD /* page4.png */; };
		17AEAB30188B12B9004FFCFC /* camera_g@2x.png in Resources */ = {isa = PBXBuildFile; fileRef = 17AEAB2F188B12B9004FFCFC /* camera_g@2x.png */; };
		17AEAB32188B329D004FFCFC /* camera_r@2x.png in Resources */ = {isa = PBXBuildFile; fileRef = 17AEAB31188B329D004FFCFC /* camera_r@2x.png */; };
		17AEAB34188B33BE004FFCFC /* camera_b@2x.png in Resources */ = {isa = PBXBuildFile; fileRef = 17AEAB33188B33BE004FFCFC /* camera_b@2x.png */; };
		17DCF98918794D7C00CEABDA /* Roboto-ThinItalic.ttf in Resources */ = {isa = PBXBuildFile; fileRef = 17DCF97D18794D7C00CEABDA /* Roboto-ThinItalic.ttf */; };
		17DCF98A18794D7C00CEABDA /* Roboto-Thin.ttf in Resources */ = {isa = PBXBuildFile; fileRef = 17DCF97E18794D7C00CEABDA /* Roboto-Thin.ttf */; };
		17DCF98B18794D7C00CEABDA /* Roboto-Regular.ttf in Resources */ = {isa = PBXBuildFile; fileRef = 17DCF97F18794D7C00CEABDA /* Roboto-Regular.ttf */; };
		17DCF98C18794D7C00CEABDA /* Roboto-MediumItalic.ttf in Resources */ = {isa = PBXBuildFile; fileRef = 17DCF98018794D7C00CEABDA /* Roboto-MediumItalic.ttf */; };
		17DCF98D18794D7C00CEABDA /* Roboto-Medium.ttf in Resources */ = {isa = PBXBuildFile; fileRef = 17DCF98118794D7C00CEABDA /* Roboto-Medium.ttf */; };
		17DCF98E18794D7C00CEABDA /* Roboto-LightItalic.ttf in Resources */ = {isa = PBXBuildFile; fileRef = 17DCF98218794D7C00CEABDA /* Roboto-LightItalic.ttf */; };
		17DCF98F18794D7C00CEABDA /* Roboto-Light.ttf in Resources */ = {isa = PBXBuildFile; fileRef = 17DCF98318794D7C00CEABDA /* Roboto-Light.ttf */; };
		17DCF99018794D7C00CEABDA /* Roboto-Italic.ttf in Resources */ = {isa = PBXBuildFile; fileRef = 17DCF98418794D7C00CEABDA /* Roboto-Italic.ttf */; };
		17DCF99118794D7C00CEABDA /* Roboto-BoldItalic.ttf in Resources */ = {isa = PBXBuildFile; fileRef = 17DCF98518794D7C00CEABDA /* Roboto-BoldItalic.ttf */; };
		17DCF99218794D7C00CEABDA /* Roboto-Bold.ttf in Resources */ = {isa = PBXBuildFile; fileRef = 17DCF98618794D7C00CEABDA /* Roboto-Bold.ttf */; };
		17DCF99318794D7C00CEABDA /* Roboto-BlackItalic.ttf in Resources */ = {isa = PBXBuildFile; fileRef = 17DCF98718794D7C00CEABDA /* Roboto-BlackItalic.ttf */; };
		17DCF99418794D7C00CEABDA /* Roboto-Black.ttf in Resources */ = {isa = PBXBuildFile; fileRef = 17DCF98818794D7C00CEABDA /* Roboto-Black.ttf */; };
		17FCE633187A933A0002F824 /* Images.xcassets in Resources */ = {isa = PBXBuildFile; fileRef = 17FCE632187A933A0002F824 /* Images.xcassets */; };
		17FCE636187A9B4F0002F824 /* connect_s@2x.png in Resources */ = {isa = PBXBuildFile; fileRef = 17FCE634187A9B4F0002F824 /* connect_s@2x.png */; };
		17FCE637187A9B4F0002F824 /* connect@2x.png in Resources */ = {isa = PBXBuildFile; fileRef = 17FCE635187A9B4F0002F824 /* connect@2x.png */; };
		17FCE639187A9FC20002F824 /* changelog in Resources */ = {isa = PBXBuildFile; fileRef = 17FCE638187A9FC20002F824 /* changelog */; };
		B8D881782BFD43C594ADDCA3 /* libPods.a in Frameworks */ = {isa = PBXBuildFile; fileRef = 689CC3BF29074CD88990986D /* libPods.a */; };
/* End PBXBuildFile section */

/* Begin PBXContainerItemProxy section */
		170A8E42178F59AE00853682 /* PBXContainerItemProxy */ = {
			isa = PBXContainerItemProxy;
			containerPortal = 170A8E0C178F59AD00853682 /* Project object */;
			proxyType = 1;
			remoteGlobalIDString = 170A8E13178F59AD00853682;
			remoteInfo = qCommander;
		};
/* End PBXContainerItemProxy section */

/* Begin PBXFileReference section */
		170A067918644A3B00E17B4C /* AXQSlide.h */ = {isa = PBXFileReference; fileEncoding = 4; lastKnownFileType = sourcecode.c.h; path = AXQSlide.h; sourceTree = "<group>"; };
		170A067A18644A3B00E17B4C /* AXQSlide.m */ = {isa = PBXFileReference; fileEncoding = 4; lastKnownFileType = sourcecode.c.objc; path = AXQSlide.m; sourceTree = "<group>"; };
		170A067C18644D0400E17B4C /* AXControl.h */ = {isa = PBXFileReference; fileEncoding = 4; lastKnownFileType = sourcecode.c.h; path = AXControl.h; sourceTree = "<group>"; };
		170A067D18644D0400E17B4C /* AXControl.m */ = {isa = PBXFileReference; fileEncoding = 4; lastKnownFileType = sourcecode.c.objc; path = AXControl.m; sourceTree = "<group>"; };
		170A8E14178F59AD00853682 /* QSlider.app */ = {isa = PBXFileReference; explicitFileType = wrapper.application; includeInIndex = 0; path = QSlider.app; sourceTree = BUILT_PRODUCTS_DIR; };
		170A8E17178F59AD00853682 /* UIKit.framework */ = {isa = PBXFileReference; lastKnownFileType = wrapper.framework; name = UIKit.framework; path = System/Library/Frameworks/UIKit.framework; sourceTree = SDKROOT; };
		170A8E19178F59AD00853682 /* Foundation.framework */ = {isa = PBXFileReference; lastKnownFileType = wrapper.framework; name = Foundation.framework; path = System/Library/Frameworks/Foundation.framework; sourceTree = SDKROOT; };
		170A8E1B178F59AD00853682 /* CoreGraphics.framework */ = {isa = PBXFileReference; lastKnownFileType = wrapper.framework; name = CoreGraphics.framework; path = System/Library/Frameworks/CoreGraphics.framework; sourceTree = SDKROOT; };
		170A8E1F178F59AE00853682 /* qCommander-Info.plist */ = {isa = PBXFileReference; lastKnownFileType = text.plist.xml; path = "qCommander-Info.plist"; sourceTree = "<group>"; };
		170A8E21178F59AE00853682 /* en */ = {isa = PBXFileReference; lastKnownFileType = text.plist.strings; name = en; path = en.lproj/InfoPlist.strings; sourceTree = "<group>"; };
		170A8E23178F59AE00853682 /* main.m */ = {isa = PBXFileReference; lastKnownFileType = sourcecode.c.objc; path = main.m; sourceTree = "<group>"; };
		170A8E25178F59AE00853682 /* qCommander-Prefix.pch */ = {isa = PBXFileReference; lastKnownFileType = sourcecode.c.h; path = "qCommander-Prefix.pch"; sourceTree = "<group>"; };
		170A8E26178F59AE00853682 /* AXAppDelegate.h */ = {isa = PBXFileReference; lastKnownFileType = sourcecode.c.h; path = AXAppDelegate.h; sourceTree = "<group>"; };
		170A8E27178F59AE00853682 /* AXAppDelegate.m */ = {isa = PBXFileReference; lastKnownFileType = sourcecode.c.objc; path = AXAppDelegate.m; sourceTree = "<group>"; };
		170A8E29178F59AE00853682 /* Default.png */ = {isa = PBXFileReference; lastKnownFileType = image.png; path = Default.png; sourceTree = "<group>"; };
		170A8E2B178F59AE00853682 /* Default@2x.png */ = {isa = PBXFileReference; lastKnownFileType = image.png; path = "Default@2x.png"; sourceTree = "<group>"; };
		170A8E2D178F59AE00853682 /* Default-568h@2x.png */ = {isa = PBXFileReference; lastKnownFileType = image.png; path = "Default-568h@2x.png"; sourceTree = "<group>"; };
		170A8E30178F59AE00853682 /* en */ = {isa = PBXFileReference; lastKnownFileType = file.storyboard; name = en; path = en.lproj/MainStoryboard_iPhone.storyboard; sourceTree = "<group>"; };
		170A8E35178F59AE00853682 /* AXViewController.h */ = {isa = PBXFileReference; lastKnownFileType = sourcecode.c.h; path = AXViewController.h; sourceTree = "<group>"; };
		170A8E36178F59AE00853682 /* AXViewController.m */ = {isa = PBXFileReference; lastKnownFileType = sourcecode.c.objc; path = AXViewController.m; sourceTree = "<group>"; };
		170A8E3D178F59AE00853682 /* qCommanderTests.octest */ = {isa = PBXFileReference; explicitFileType = wrapper.cfbundle; includeInIndex = 0; path = qCommanderTests.octest; sourceTree = BUILT_PRODUCTS_DIR; };
		170A8E3E178F59AE00853682 /* SenTestingKit.framework */ = {isa = PBXFileReference; lastKnownFileType = wrapper.framework; name = SenTestingKit.framework; path = Library/Frameworks/SenTestingKit.framework; sourceTree = DEVELOPER_DIR; };
		170A8E46178F59AE00853682 /* qCommanderTests-Info.plist */ = {isa = PBXFileReference; lastKnownFileType = text.plist.xml; path = "qCommanderTests-Info.plist"; sourceTree = "<group>"; };
		170A8E48178F59AE00853682 /* en */ = {isa = PBXFileReference; lastKnownFileType = text.plist.strings; name = en; path = en.lproj/InfoPlist.strings; sourceTree = "<group>"; };
		170A8E4A178F59AE00853682 /* qCommanderTests.h */ = {isa = PBXFileReference; lastKnownFileType = sourcecode.c.h; path = qCommanderTests.h; sourceTree = "<group>"; };
		170A8E4B178F59AE00853682 /* qCommanderTests.m */ = {isa = PBXFileReference; lastKnownFileType = sourcecode.c.objc; path = qCommanderTests.m; sourceTree = "<group>"; };
		170A8E55178F6F7200853682 /* libicucore.dylib */ = {isa = PBXFileReference; lastKnownFileType = "compiled.mach-o.dylib"; name = libicucore.dylib; path = usr/lib/libicucore.dylib; sourceTree = SDKROOT; };
		170A8E57178F6F7B00853682 /* CFNetwork.framework */ = {isa = PBXFileReference; lastKnownFileType = wrapper.framework; name = CFNetwork.framework; path = System/Library/Frameworks/CFNetwork.framework; sourceTree = SDKROOT; };
		170A8E59178F6F8500853682 /* Security.framework */ = {isa = PBXFileReference; lastKnownFileType = wrapper.framework; name = Security.framework; path = System/Library/Frameworks/Security.framework; sourceTree = SDKROOT; };
		172B1EDC185E3B510060C973 /* AXRemoteController.h */ = {isa = PBXFileReference; fileEncoding = 4; lastKnownFileType = sourcecode.c.h; path = AXRemoteController.h; sourceTree = "<group>"; };
		172B1EDD185E3B510060C973 /* AXRemoteController.m */ = {isa = PBXFileReference; fileEncoding = 4; lastKnownFileType = sourcecode.c.objc; path = AXRemoteController.m; sourceTree = "<group>"; };
		1747F757178FCF1700FC2BF9 /* Decoder.h */ = {isa = PBXFileReference; fileEncoding = 4; lastKnownFileType = sourcecode.c.h; path = Decoder.h; sourceTree = "<group>"; };
		1747F758178FCF1700FC2BF9 /* Exception.h */ = {isa = PBXFileReference; fileEncoding = 4; lastKnownFileType = sourcecode.c.h; path = Exception.h; sourceTree = "<group>"; };
		1747F759178FCF1700FC2BF9 /* Image.h */ = {isa = PBXFileReference; fileEncoding = 4; lastKnownFileType = sourcecode.c.h; path = Image.h; sourceTree = "<group>"; };
		1747F75A178FCF1700FC2BF9 /* ImageScanner.h */ = {isa = PBXFileReference; fileEncoding = 4; lastKnownFileType = sourcecode.c.h; path = ImageScanner.h; sourceTree = "<group>"; };
		1747F75B178FCF1700FC2BF9 /* Processor.h */ = {isa = PBXFileReference; fileEncoding = 4; lastKnownFileType = sourcecode.c.h; path = Processor.h; sourceTree = "<group>"; };
		1747F75C178FCF1700FC2BF9 /* Scanner.h */ = {isa = PBXFileReference; fileEncoding = 4; lastKnownFileType = sourcecode.c.h; path = Scanner.h; sourceTree = "<group>"; };
		1747F75D178FCF1700FC2BF9 /* Symbol.h */ = {isa = PBXFileReference; fileEncoding = 4; lastKnownFileType = sourcecode.c.h; path = Symbol.h; sourceTree = "<group>"; };
		1747F75E178FCF1700FC2BF9 /* Video.h */ = {isa = PBXFileReference; fileEncoding = 4; lastKnownFileType = sourcecode.c.h; path = Video.h; sourceTree = "<group>"; };
		1747F75F178FCF1700FC2BF9 /* Window.h */ = {isa = PBXFileReference; fileEncoding = 4; lastKnownFileType = sourcecode.c.h; path = Window.h; sourceTree = "<group>"; };
		1747F760178FCF1700FC2BF9 /* zbar.h */ = {isa = PBXFileReference; fileEncoding = 4; lastKnownFileType = sourcecode.c.h; path = zbar.h; sourceTree = "<group>"; };
		1747F761178FCF1700FC2BF9 /* ZBarCameraSimulator.h */ = {isa = PBXFileReference; fileEncoding = 4; lastKnownFileType = sourcecode.c.h; path = ZBarCameraSimulator.h; sourceTree = "<group>"; };
		1747F762178FCF1700FC2BF9 /* ZBarCaptureReader.h */ = {isa = PBXFileReference; fileEncoding = 4; lastKnownFileType = sourcecode.c.h; path = ZBarCaptureReader.h; sourceTree = "<group>"; };
		1747F763178FCF1700FC2BF9 /* ZBarHelpController.h */ = {isa = PBXFileReference; fileEncoding = 4; lastKnownFileType = sourcecode.c.h; path = ZBarHelpController.h; sourceTree = "<group>"; };
		1747F764178FCF1700FC2BF9 /* ZBarImage.h */ = {isa = PBXFileReference; fileEncoding = 4; lastKnownFileType = sourcecode.c.h; path = ZBarImage.h; sourceTree = "<group>"; };
		1747F765178FCF1700FC2BF9 /* ZBarImageScanner.h */ = {isa = PBXFileReference; fileEncoding = 4; lastKnownFileType = sourcecode.c.h; path = ZBarImageScanner.h; sourceTree = "<group>"; };
		1747F766178FCF1700FC2BF9 /* ZBarReaderController.h */ = {isa = PBXFileReference; fileEncoding = 4; lastKnownFileType = sourcecode.c.h; path = ZBarReaderController.h; sourceTree = "<group>"; };
		1747F767178FCF1700FC2BF9 /* ZBarReaderView.h */ = {isa = PBXFileReference; fileEncoding = 4; lastKnownFileType = sourcecode.c.h; path = ZBarReaderView.h; sourceTree = "<group>"; };
		1747F768178FCF1700FC2BF9 /* ZBarReaderViewController.h */ = {isa = PBXFileReference; fileEncoding = 4; lastKnownFileType = sourcecode.c.h; path = ZBarReaderViewController.h; sourceTree = "<group>"; };
		1747F769178FCF1700FC2BF9 /* ZBarSDK.h */ = {isa = PBXFileReference; fileEncoding = 4; lastKnownFileType = sourcecode.c.h; path = ZBarSDK.h; sourceTree = "<group>"; };
		1747F76A178FCF1700FC2BF9 /* ZBarSymbol.h */ = {isa = PBXFileReference; fileEncoding = 4; lastKnownFileType = sourcecode.c.h; path = ZBarSymbol.h; sourceTree = "<group>"; };
		1747F76B178FCF1700FC2BF9 /* libzbar.a */ = {isa = PBXFileReference; lastKnownFileType = archive.ar; path = libzbar.a; sourceTree = "<group>"; };
		1747F76D178FCF1700FC2BF9 /* zbar-back.png */ = {isa = PBXFileReference; lastKnownFileType = image.png; path = "zbar-back.png"; sourceTree = "<group>"; };
		1747F76E178FCF1700FC2BF9 /* zbar-help.html */ = {isa = PBXFileReference; fileEncoding = 4; lastKnownFileType = text.html; path = "zbar-help.html"; sourceTree = "<group>"; };
		1747F76F178FCF1700FC2BF9 /* zbar-helpicons.png */ = {isa = PBXFileReference; lastKnownFileType = image.png; path = "zbar-helpicons.png"; sourceTree = "<group>"; };
		1747F770178FCF1700FC2BF9 /* zbar-samples.png */ = {isa = PBXFileReference; lastKnownFileType = image.png; path = "zbar-samples.png"; sourceTree = "<group>"; };
		1747F776178FCF6100FC2BF9 /* AVFoundation.framework */ = {isa = PBXFileReference; lastKnownFileType = wrapper.framework; name = AVFoundation.framework; path = System/Library/Frameworks/AVFoundation.framework; sourceTree = SDKROOT; };
		1747F778178FCF6C00FC2BF9 /* CoreMedia.framework */ = {isa = PBXFileReference; lastKnownFileType = wrapper.framework; name = CoreMedia.framework; path = System/Library/Frameworks/CoreMedia.framework; sourceTree = SDKROOT; };
		1747F77A178FCF7500FC2BF9 /* CoreVideo.framework */ = {isa = PBXFileReference; lastKnownFileType = wrapper.framework; name = CoreVideo.framework; path = System/Library/Frameworks/CoreVideo.framework; sourceTree = SDKROOT; };
		1747F77C178FCF7F00FC2BF9 /* QuartzCore.framework */ = {isa = PBXFileReference; lastKnownFileType = wrapper.framework; name = QuartzCore.framework; path = System/Library/Frameworks/QuartzCore.framework; sourceTree = SDKROOT; };
		1747F77E178FCF8A00FC2BF9 /* libiconv.dylib */ = {isa = PBXFileReference; lastKnownFileType = "compiled.mach-o.dylib"; name = libiconv.dylib; path = usr/lib/libiconv.dylib; sourceTree = SDKROOT; };
		174D31CD185F1558003A2E68 /* HelpPageViewController.h */ = {isa = PBXFileReference; fileEncoding = 4; lastKnownFileType = sourcecode.c.h; path = HelpPageViewController.h; sourceTree = "<group>"; };
		174D31CE185F1558003A2E68 /* HelpPageViewController.m */ = {isa = PBXFileReference; fileEncoding = 4; lastKnownFileType = sourcecode.c.objc; path = HelpPageViewController.m; sourceTree = "<group>"; };
		1753F10C187C06190064C69B /* AXHelpViewController.h */ = {isa = PBXFileReference; fileEncoding = 4; lastKnownFileType = sourcecode.c.h; path = AXHelpViewController.h; sourceTree = "<group>"; };
		1753F10D187C06190064C69B /* AXHelpViewController.m */ = {isa = PBXFileReference; fileEncoding = 4; lastKnownFileType = sourcecode.c.objc; path = AXHelpViewController.m; sourceTree = "<group>"; };
		177921E0185E402300EF5CE2 /* SystemConfiguration.framework */ = {isa = PBXFileReference; lastKnownFileType = wrapper.framework; name = SystemConfiguration.framework; path = System/Library/Frameworks/SystemConfiguration.framework; sourceTree = SDKROOT; };
		177921E6185E4F8000EF5CE2 /* UIViewController+BackButton.h */ = {isa = PBXFileReference; fileEncoding = 4; lastKnownFileType = sourcecode.c.h; path = "UIViewController+BackButton.h"; sourceTree = "<group>"; };
		177921E7185E4F9A00EF5CE2 /* UIViewController+BackButton.m */ = {isa = PBXFileReference; fileEncoding = 4; lastKnownFileType = sourcecode.c.objc; path = "UIViewController+BackButton.m"; sourceTree = "<group>"; };
		177CEF5C1870EAA60004D3D8 /* MediaPlayer.framework */ = {isa = PBXFileReference; lastKnownFileType = wrapper.framework; name = MediaPlayer.framework; path = System/Library/Frameworks/MediaPlayer.framework; sourceTree = SDKROOT; };
		1786239E18704460008F2BD7 /* MobileCoreServices.framework */ = {isa = PBXFileReference; lastKnownFileType = wrapper.framework; name = MobileCoreServices.framework; path = System/Library/Frameworks/MobileCoreServices.framework; sourceTree = SDKROOT; };
		1796D1621882250D001E2C3B /* en */ = {isa = PBXFileReference; lastKnownFileType = file.storyboard; name = en; path = en.lproj/MainStoryboard_iPad.storyboard; sourceTree = "<group>"; };
		17A72E371872BE8B0028A66A /* empty_sound.mp3 */ = {isa = PBXFileReference; lastKnownFileType = audio.mp3; name = empty_sound.mp3; path = Resources/empty_sound.mp3; sourceTree = "<group>"; };
		17A89AAE187A1015005E2526 /* first@2x.png */ = {isa = PBXFileReference; lastKnownFileType = image.png; path = "first@2x.png"; sourceTree = "<group>"; };
		17A89AAF187A1015005E2526 /* last@2x.png */ = {isa = PBXFileReference; lastKnownFileType = image.png; path = "last@2x.png"; sourceTree = "<group>"; };
		17A89AB6187A110F005E2526 /* play@2x.png */ = {isa = PBXFileReference; lastKnownFileType = image.png; path = "play@2x.png"; sourceTree = "<group>"; };
		17A89AB8187A11DE005E2526 /* next@2x.png */ = {isa = PBXFileReference; lastKnownFileType = image.png; path = "next@2x.png"; sourceTree = "<group>"; };
		17A89AB9187A11DE005E2526 /* prev@2x.png */ = {isa = PBXFileReference; lastKnownFileType = image.png; path = "prev@2x.png"; sourceTree = "<group>"; };
		17A89ABC187A14F3005E2526 /* slide_pop@2x.png */ = {isa = PBXFileReference; lastKnownFileType = image.png; path = "slide_pop@2x.png"; sourceTree = "<group>"; };
		17A89ABE187A5D36005E2526 /* camera@2x.png */ = {isa = PBXFileReference; lastKnownFileType = image.png; path = "camera@2x.png"; sourceTree = "<group>"; };
		17A89AC2187A6F2F005E2526 /* help@2x.png */ = {isa = PBXFileReference; lastKnownFileType = image.png; path = "help@2x.png"; sourceTree = "<group>"; };
		17A89AC4187A6F87005E2526 /* help_s@2x.png */ = {isa = PBXFileReference; lastKnownFileType = image.png; path = "help_s@2x.png"; sourceTree = "<group>"; };
		17A89AC6187A7410005E2526 /* help2@2x.png */ = {isa = PBXFileReference; lastKnownFileType = image.png; path = "help2@2x.png"; sourceTree = "<group>"; };
		17A89AD1187A797E005E2526 /* sd@2x.png */ = {isa = PBXFileReference; lastKnownFileType = image.png; path = "sd@2x.png"; sourceTree = "<group>"; };
		17A89AD5187A7AD3005E2526 /* rabbit_full@2x.png */ = {isa = PBXFileReference; lastKnownFileType = image.png; path = "rabbit_full@2x.png"; sourceTree = "<group>"; };
		17A89AD6187A7AD3005E2526 /* rs@2x.png */ = {isa = PBXFileReference; lastKnownFileType = image.png; path = "rs@2x.png"; sourceTree = "<group>"; };
		17A89AD7187A7AD3005E2526 /* ss.png */ = {isa = PBXFileReference; lastKnownFileType = image.png; path = ss.png; sourceTree = "<group>"; };
		17A89AD8187A7AD3005E2526 /* ss_full@2x.png */ = {isa = PBXFileReference; lastKnownFileType = image.png; path = "ss_full@2x.png"; sourceTree = "<group>"; };
		17A913F6187D4A4000EEDCAD /* page1.png */ = {isa = PBXFileReference; lastKnownFileType = image.png; path = page1.png; sourceTree = "<group>"; };
		17A913F7187D4A4000EEDCAD /* page2.png */ = {isa = PBXFileReference; lastKnownFileType = image.png; path = page2.png; sourceTree = "<group>"; };
		17A913F8187D4A4000EEDCAD /* page3.png */ = {isa = PBXFileReference; lastKnownFileType = image.png; path = page3.png; sourceTree = "<group>"; };
		17A913F9187D4A4000EEDCAD /* page4.png */ = {isa = PBXFileReference; lastKnownFileType = image.png; path = page4.png; sourceTree = "<group>"; };
		17AEAB2F188B12B9004FFCFC /* camera_g@2x.png */ = {isa = PBXFileReference; lastKnownFileType = image.png; path = "camera_g@2x.png"; sourceTree = "<group>"; };
		17AEAB31188B329D004FFCFC /* camera_r@2x.png */ = {isa = PBXFileReference; lastKnownFileType = image.png; path = "camera_r@2x.png"; sourceTree = "<group>"; };
		17AEAB33188B33BE004FFCFC /* camera_b@2x.png */ = {isa = PBXFileReference; lastKnownFileType = image.png; path = "camera_b@2x.png"; sourceTree = "<group>"; };
		17DCF97D18794D7C00CEABDA /* Roboto-ThinItalic.ttf */ = {isa = PBXFileReference; lastKnownFileType = file; name = "Roboto-ThinItalic.ttf"; path = "Resources/Roboto/Roboto-ThinItalic.ttf"; sourceTree = "<group>"; };
		17DCF97E18794D7C00CEABDA /* Roboto-Thin.ttf */ = {isa = PBXFileReference; lastKnownFileType = file; name = "Roboto-Thin.ttf"; path = "Resources/Roboto/Roboto-Thin.ttf"; sourceTree = "<group>"; };
		17DCF97F18794D7C00CEABDA /* Roboto-Regular.ttf */ = {isa = PBXFileReference; lastKnownFileType = file; name = "Roboto-Regular.ttf"; path = "Resources/Roboto/Roboto-Regular.ttf"; sourceTree = "<group>"; };
		17DCF98018794D7C00CEABDA /* Roboto-MediumItalic.ttf */ = {isa = PBXFileReference; lastKnownFileType = file; name = "Roboto-MediumItalic.ttf"; path = "Resources/Roboto/Roboto-MediumItalic.ttf"; sourceTree = "<group>"; };
		17DCF98118794D7C00CEABDA /* Roboto-Medium.ttf */ = {isa = PBXFileReference; lastKnownFileType = file; name = "Roboto-Medium.ttf"; path = "Resources/Roboto/Roboto-Medium.ttf"; sourceTree = "<group>"; };
		17DCF98218794D7C00CEABDA /* Roboto-LightItalic.ttf */ = {isa = PBXFileReference; lastKnownFileType = file; name = "Roboto-LightItalic.ttf"; path = "Resources/Roboto/Roboto-LightItalic.ttf"; sourceTree = "<group>"; };
		17DCF98318794D7C00CEABDA /* Roboto-Light.ttf */ = {isa = PBXFileReference; lastKnownFileType = file; name = "Roboto-Light.ttf"; path = "Resources/Roboto/Roboto-Light.ttf"; sourceTree = "<group>"; };
		17DCF98418794D7C00CEABDA /* Roboto-Italic.ttf */ = {isa = PBXFileReference; lastKnownFileType = file; name = "Roboto-Italic.ttf"; path = "Resources/Roboto/Roboto-Italic.ttf"; sourceTree = "<group>"; };
		17DCF98518794D7C00CEABDA /* Roboto-BoldItalic.ttf */ = {isa = PBXFileReference; lastKnownFileType = file; name = "Roboto-BoldItalic.ttf"; path = "Resources/Roboto/Roboto-BoldItalic.ttf"; sourceTree = "<group>"; };
		17DCF98618794D7C00CEABDA /* Roboto-Bold.ttf */ = {isa = PBXFileReference; lastKnownFileType = file; name = "Roboto-Bold.ttf"; path = "Resources/Roboto/Roboto-Bold.ttf"; sourceTree = "<group>"; };
		17DCF98718794D7C00CEABDA /* Roboto-BlackItalic.ttf */ = {isa = PBXFileReference; lastKnownFileType = file; name = "Roboto-BlackItalic.ttf"; path = "Resources/Roboto/Roboto-BlackItalic.ttf"; sourceTree = "<group>"; };
		17DCF98818794D7C00CEABDA /* Roboto-Black.ttf */ = {isa = PBXFileReference; lastKnownFileType = file; name = "Roboto-Black.ttf"; path = "Resources/Roboto/Roboto-Black.ttf"; sourceTree = "<group>"; };
		17FCE632187A933A0002F824 /* Images.xcassets */ = {isa = PBXFileReference; lastKnownFileType = folder.assetcatalog; path = Images.xcassets; sourceTree = "<group>"; };
		17FCE634187A9B4F0002F824 /* connect_s@2x.png */ = {isa = PBXFileReference; lastKnownFileType = image.png; path = "connect_s@2x.png"; sourceTree = "<group>"; };
		17FCE635187A9B4F0002F824 /* connect@2x.png */ = {isa = PBXFileReference; lastKnownFileType = image.png; path = "connect@2x.png"; sourceTree = "<group>"; };
		17FCE638187A9FC20002F824 /* changelog */ = {isa = PBXFileReference; fileEncoding = 4; lastKnownFileType = text; path = changelog; sourceTree = "<group>"; };
		689CC3BF29074CD88990986D /* libPods.a */ = {isa = PBXFileReference; explicitFileType = archive.ar; includeInIndex = 0; path = libPods.a; sourceTree = BUILT_PRODUCTS_DIR; };
		DAA78B1A00084096AE9E0B1E /* Pods.xcconfig */ = {isa = PBXFileReference; includeInIndex = 1; lastKnownFileType = text.xcconfig; name = Pods.xcconfig; path = Pods/Pods.xcconfig; sourceTree = SOURCE_ROOT; };
/* End PBXFileReference section */

/* Begin PBXFrameworksBuildPhase section */
		170A8E11178F59AD00853682 /* Frameworks */ = {
			isa = PBXFrameworksBuildPhase;
			buildActionMask = 2147483647;
			files = (
				177CEF5D1870EAA60004D3D8 /* MediaPlayer.framework in Frameworks */,
				1786239F18704460008F2BD7 /* MobileCoreServices.framework in Frameworks */,
				177921E2185E4D7100EF5CE2 /* SystemConfiguration.framework in Frameworks */,
				170A8E58178F6F7B00853682 /* CFNetwork.framework in Frameworks */,
				1747F77F178FCF8A00FC2BF9 /* libiconv.dylib in Frameworks */,
				1747F77D178FCF7F00FC2BF9 /* QuartzCore.framework in Frameworks */,
				1747F77B178FCF7500FC2BF9 /* CoreVideo.framework in Frameworks */,
				1747F779178FCF6C00FC2BF9 /* CoreMedia.framework in Frameworks */,
				1747F777178FCF6100FC2BF9 /* AVFoundation.framework in Frameworks */,
				170A8E1A178F59AD00853682 /* Foundation.framework in Frameworks */,
				170A8E5A178F6F8500853682 /* Security.framework in Frameworks */,
				170A8E56178F6F7200853682 /* libicucore.dylib in Frameworks */,
				170A8E18178F59AD00853682 /* UIKit.framework in Frameworks */,
				170A8E1C178F59AD00853682 /* CoreGraphics.framework in Frameworks */,
				B8D881782BFD43C594ADDCA3 /* libPods.a in Frameworks */,
				1747F771178FCF1700FC2BF9 /* libzbar.a in Frameworks */,
			);
			runOnlyForDeploymentPostprocessing = 0;
		};
		170A8E39178F59AE00853682 /* Frameworks */ = {
			isa = PBXFrameworksBuildPhase;
			buildActionMask = 2147483647;
			files = (
				170A8E3F178F59AE00853682 /* SenTestingKit.framework in Frameworks */,
				170A8E40178F59AE00853682 /* UIKit.framework in Frameworks */,
				170A8E41178F59AE00853682 /* Foundation.framework in Frameworks */,
			);
			runOnlyForDeploymentPostprocessing = 0;
		};
/* End PBXFrameworksBuildPhase section */

/* Begin PBXGroup section */
		170A8E0B178F59AD00853682 = {
			isa = PBXGroup;
			children = (
				17FCE638187A9FC20002F824 /* changelog */,
				17DCF99518794D8500CEABDA /* fonts */,
				17A72E361872BE6D0028A66A /* Sound */,
				1768E27118719AB800FCA52F /* Images */,
				1747F77E178FCF8A00FC2BF9 /* libiconv.dylib */,
				1747F753178FCF1700FC2BF9 /* ZBarSDK */,
				170A8E55178F6F7200853682 /* libicucore.dylib */,
				170A8E1D178F59AD00853682 /* qCommander */,
				170A8E44178F59AE00853682 /* qCommanderTests */,
				170A8E16178F59AD00853682 /* Frameworks */,
				170A8E15178F59AD00853682 /* Products */,
				DAA78B1A00084096AE9E0B1E /* Pods.xcconfig */,
			);
			sourceTree = "<group>";
		};
		170A8E15178F59AD00853682 /* Products */ = {
			isa = PBXGroup;
			children = (
				170A8E14178F59AD00853682 /* QSlider.app */,
				170A8E3D178F59AE00853682 /* qCommanderTests.octest */,
			);
			name = Products;
			sourceTree = "<group>";
		};
		170A8E16178F59AD00853682 /* Frameworks */ = {
			isa = PBXGroup;
			children = (
				177CEF5C1870EAA60004D3D8 /* MediaPlayer.framework */,
				1786239E18704460008F2BD7 /* MobileCoreServices.framework */,
				177921E0185E402300EF5CE2 /* SystemConfiguration.framework */,
				1747F77C178FCF7F00FC2BF9 /* QuartzCore.framework */,
				1747F77A178FCF7500FC2BF9 /* CoreVideo.framework */,
				1747F778178FCF6C00FC2BF9 /* CoreMedia.framework */,
				1747F776178FCF6100FC2BF9 /* AVFoundation.framework */,
				170A8E59178F6F8500853682 /* Security.framework */,
				170A8E57178F6F7B00853682 /* CFNetwork.framework */,
				170A8E17178F59AD00853682 /* UIKit.framework */,
				170A8E19178F59AD00853682 /* Foundation.framework */,
				170A8E1B178F59AD00853682 /* CoreGraphics.framework */,
				170A8E3E178F59AE00853682 /* SenTestingKit.framework */,
				689CC3BF29074CD88990986D /* libPods.a */,
			);
			name = Frameworks;
			sourceTree = "<group>";
		};
		170A8E1D178F59AD00853682 /* qCommander */ = {
			isa = PBXGroup;
			children = (
				1796D1611882250D001E2C3B /* MainStoryboard_iPad.storyboard */,
				1796D1601882227C001E2C3B /* iPad */,
				177921E7185E4F9A00EF5CE2 /* UIViewController+BackButton.m */,
				177921E6185E4F8000EF5CE2 /* UIViewController+BackButton.h */,
				170A8E26178F59AE00853682 /* AXAppDelegate.h */,
				170A8E27178F59AE00853682 /* AXAppDelegate.m */,
				170A8E2F178F59AE00853682 /* MainStoryboard_iPhone.storyboard */,
				1753F10C187C06190064C69B /* AXHelpViewController.h */,
				1753F10D187C06190064C69B /* AXHelpViewController.m */,
				174D31CD185F1558003A2E68 /* HelpPageViewController.h */,
				174D31CE185F1558003A2E68 /* HelpPageViewController.m */,
				170A8E35178F59AE00853682 /* AXViewController.h */,
				170A8E36178F59AE00853682 /* AXViewController.m */,
				172B1EDC185E3B510060C973 /* AXRemoteController.h */,
				172B1EDD185E3B510060C973 /* AXRemoteController.m */,
				170A8E1E178F59AE00853682 /* Supporting Files */,
				170A067918644A3B00E17B4C /* AXQSlide.h */,
				170A067A18644A3B00E17B4C /* AXQSlide.m */,
				170A067C18644D0400E17B4C /* AXControl.h */,
				170A067D18644D0400E17B4C /* AXControl.m */,
				17FCE632187A933A0002F824 /* Images.xcassets */,
			);
			path = qCommander;
			sourceTree = "<group>";
		};
		170A8E1E178F59AE00853682 /* Supporting Files */ = {
			isa = PBXGroup;
			children = (
				170A8E1F178F59AE00853682 /* qCommander-Info.plist */,
				170A8E20178F59AE00853682 /* InfoPlist.strings */,
				170A8E23178F59AE00853682 /* main.m */,
				170A8E25178F59AE00853682 /* qCommander-Prefix.pch */,
				170A8E29178F59AE00853682 /* Default.png */,
				170A8E2B178F59AE00853682 /* Default@2x.png */,
				170A8E2D178F59AE00853682 /* Default-568h@2x.png */,
			);
			name = "Supporting Files";
			sourceTree = "<group>";
		};
		170A8E44178F59AE00853682 /* qCommanderTests */ = {
			isa = PBXGroup;
			children = (
				170A8E4A178F59AE00853682 /* qCommanderTests.h */,
				170A8E4B178F59AE00853682 /* qCommanderTests.m */,
				170A8E45178F59AE00853682 /* Supporting Files */,
			);
			path = qCommanderTests;
			sourceTree = "<group>";
		};
		170A8E45178F59AE00853682 /* Supporting Files */ = {
			isa = PBXGroup;
			children = (
				170A8E46178F59AE00853682 /* qCommanderTests-Info.plist */,
				170A8E47178F59AE00853682 /* InfoPlist.strings */,
			);
			name = "Supporting Files";
			sourceTree = "<group>";
		};
		1747F753178FCF1700FC2BF9 /* ZBarSDK */ = {
			isa = PBXGroup;
			children = (
				1747F754178FCF1700FC2BF9 /* Headers */,
				1747F76B178FCF1700FC2BF9 /* libzbar.a */,
				1747F76C178FCF1700FC2BF9 /* Resources */,
			);
			path = ZBarSDK;
			sourceTree = "<group>";
		};
		1747F754178FCF1700FC2BF9 /* Headers */ = {
			isa = PBXGroup;
			children = (
				1747F755178FCF1700FC2BF9 /* ZBarSDK */,
			);
			path = Headers;
			sourceTree = "<group>";
		};
		1747F755178FCF1700FC2BF9 /* ZBarSDK */ = {
			isa = PBXGroup;
			children = (
				1747F756178FCF1700FC2BF9 /* zbar */,
				1747F760178FCF1700FC2BF9 /* zbar.h */,
				1747F761178FCF1700FC2BF9 /* ZBarCameraSimulator.h */,
				1747F762178FCF1700FC2BF9 /* ZBarCaptureReader.h */,
				1747F763178FCF1700FC2BF9 /* ZBarHelpController.h */,
				1747F764178FCF1700FC2BF9 /* ZBarImage.h */,
				1747F765178FCF1700FC2BF9 /* ZBarImageScanner.h */,
				1747F766178FCF1700FC2BF9 /* ZBarReaderController.h */,
				1747F767178FCF1700FC2BF9 /* ZBarReaderView.h */,
				1747F768178FCF1700FC2BF9 /* ZBarReaderViewController.h */,
				1747F769178FCF1700FC2BF9 /* ZBarSDK.h */,
				1747F76A178FCF1700FC2BF9 /* ZBarSymbol.h */,
			);
			path = ZBarSDK;
			sourceTree = "<group>";
		};
		1747F756178FCF1700FC2BF9 /* zbar */ = {
			isa = PBXGroup;
			children = (
				1747F757178FCF1700FC2BF9 /* Decoder.h */,
				1747F758178FCF1700FC2BF9 /* Exception.h */,
				1747F759178FCF1700FC2BF9 /* Image.h */,
				1747F75A178FCF1700FC2BF9 /* ImageScanner.h */,
				1747F75B178FCF1700FC2BF9 /* Processor.h */,
				1747F75C178FCF1700FC2BF9 /* Scanner.h */,
				1747F75D178FCF1700FC2BF9 /* Symbol.h */,
				1747F75E178FCF1700FC2BF9 /* Video.h */,
				1747F75F178FCF1700FC2BF9 /* Window.h */,
			);
			path = zbar;
			sourceTree = "<group>";
		};
		1747F76C178FCF1700FC2BF9 /* Resources */ = {
			isa = PBXGroup;
			children = (
				1747F76D178FCF1700FC2BF9 /* zbar-back.png */,
				1747F76E178FCF1700FC2BF9 /* zbar-help.html */,
				1747F76F178FCF1700FC2BF9 /* zbar-helpicons.png */,
				1747F770178FCF1700FC2BF9 /* zbar-samples.png */,
			);
			path = Resources;
			sourceTree = "<group>";
		};
		1768E27118719AB800FCA52F /* Images */ = {
			isa = PBXGroup;
			children = (
				17A89AA8187A1015005E2526 /* Graphics */,
			);
			name = Images;
			sourceTree = "<group>";
		};
		1796D1601882227C001E2C3B /* iPad */ = {
			isa = PBXGroup;
			children = (
			);
			name = iPad;
			sourceTree = "<group>";
		};
		17A72E361872BE6D0028A66A /* Sound */ = {
			isa = PBXGroup;
			children = (
				17A72E371872BE8B0028A66A /* empty_sound.mp3 */,
			);
			name = Sound;
			sourceTree = "<group>";
		};
		17A89AA8187A1015005E2526 /* Graphics */ = {
			isa = PBXGroup;
			children = (
				17A913F5187D4A4000EEDCAD /* help */,
				17A89AC8187A7686005E2526 /* logo */,
				17A89AAD187A1015005E2526 /* controlv2 */,
			);
			name = Graphics;
			path = Resources/Graphics;
			sourceTree = "<group>";
		};
		17A89AAD187A1015005E2526 /* controlv2 */ = {
			isa = PBXGroup;
			children = (
				17AEAB33188B33BE004FFCFC /* camera_b@2x.png */,
				17AEAB31188B329D004FFCFC /* camera_r@2x.png */,
				17AEAB2F188B12B9004FFCFC /* camera_g@2x.png */,
				17FCE634187A9B4F0002F824 /* connect_s@2x.png */,
				17FCE635187A9B4F0002F824 /* connect@2x.png */,
				17A89AC6187A7410005E2526 /* help2@2x.png */,
				17A89AC4187A6F87005E2526 /* help_s@2x.png */,
				17A89AC2187A6F2F005E2526 /* help@2x.png */,
				17A89ABE187A5D36005E2526 /* camera@2x.png */,
				17A89ABC187A14F3005E2526 /* slide_pop@2x.png */,
				17A89AB8187A11DE005E2526 /* next@2x.png */,
				17A89AB9187A11DE005E2526 /* prev@2x.png */,
				17A89AB6187A110F005E2526 /* play@2x.png */,
				17A89AAE187A1015005E2526 /* first@2x.png */,
				17A89AAF187A1015005E2526 /* last@2x.png */,
			);
			path = controlv2;
			sourceTree = "<group>";
		};
		17A89AC8187A7686005E2526 /* logo */ = {
			isa = PBXGroup;
			children = (
				17A89AD1187A797E005E2526 /* sd@2x.png */,
				17A89AD5187A7AD3005E2526 /* rabbit_full@2x.png */,
				17A89AD6187A7AD3005E2526 /* rs@2x.png */,
				17A89AD7187A7AD3005E2526 /* ss.png */,
				17A89AD8187A7AD3005E2526 /* ss_full@2x.png */,
			);
			path = logo;
			sourceTree = "<group>";
		};
		17A913F5187D4A4000EEDCAD /* help */ = {
			isa = PBXGroup;
			children = (
				17A913F6187D4A4000EEDCAD /* page1.png */,
				17A913F7187D4A4000EEDCAD /* page2.png */,
				17A913F8187D4A4000EEDCAD /* page3.png */,
				17A913F9187D4A4000EEDCAD /* page4.png */,
			);
			path = help;
			sourceTree = "<group>";
		};
		17DCF99518794D8500CEABDA /* fonts */ = {
			isa = PBXGroup;
			children = (
				17DCF97D18794D7C00CEABDA /* Roboto-ThinItalic.ttf */,
				17DCF97E18794D7C00CEABDA /* Roboto-Thin.ttf */,
				17DCF97F18794D7C00CEABDA /* Roboto-Regular.ttf */,
				17DCF98018794D7C00CEABDA /* Roboto-MediumItalic.ttf */,
				17DCF98118794D7C00CEABDA /* Roboto-Medium.ttf */,
				17DCF98218794D7C00CEABDA /* Roboto-LightItalic.ttf */,
				17DCF98318794D7C00CEABDA /* Roboto-Light.ttf */,
				17DCF98418794D7C00CEABDA /* Roboto-Italic.ttf */,
				17DCF98518794D7C00CEABDA /* Roboto-BoldItalic.ttf */,
				17DCF98618794D7C00CEABDA /* Roboto-Bold.ttf */,
				17DCF98718794D7C00CEABDA /* Roboto-BlackItalic.ttf */,
				17DCF98818794D7C00CEABDA /* Roboto-Black.ttf */,
			);
			name = fonts;
			sourceTree = "<group>";
		};
/* End PBXGroup section */

/* Begin PBXNativeTarget section */
		170A8E13178F59AD00853682 /* qCommander */ = {
			isa = PBXNativeTarget;
			buildConfigurationList = 170A8E4F178F59AE00853682 /* Build configuration list for PBXNativeTarget "qCommander" */;
			buildPhases = (
				19238C3CD1C1409A90CA97DA /* Check Pods Manifest.lock */,
				170A8E10178F59AD00853682 /* Sources */,
				170A8E11178F59AD00853682 /* Frameworks */,
				170A8E12178F59AD00853682 /* Resources */,
				779987179DA344018AEF4E25 /* Copy Pods Resources */,
			);
			buildRules = (
			);
			dependencies = (
			);
			name = qCommander;
			productName = qCommander;
			productReference = 170A8E14178F59AD00853682 /* QSlider.app */;
			productType = "com.apple.product-type.application";
		};
		170A8E3C178F59AE00853682 /* qCommanderTests */ = {
			isa = PBXNativeTarget;
			buildConfigurationList = 170A8E52178F59AE00853682 /* Build configuration list for PBXNativeTarget "qCommanderTests" */;
			buildPhases = (
				170A8E38178F59AE00853682 /* Sources */,
				170A8E39178F59AE00853682 /* Frameworks */,
				170A8E3A178F59AE00853682 /* Resources */,
				170A8E3B178F59AE00853682 /* ShellScript */,
			);
			buildRules = (
			);
			dependencies = (
				170A8E43178F59AE00853682 /* PBXTargetDependency */,
			);
			name = qCommanderTests;
			productName = qCommanderTests;
			productReference = 170A8E3D178F59AE00853682 /* qCommanderTests.octest */;
			productType = "com.apple.product-type.bundle";
		};
/* End PBXNativeTarget section */

/* Begin PBXProject section */
		170A8E0C178F59AD00853682 /* Project object */ = {
			isa = PBXProject;
			attributes = {
				CLASSPREFIX = AX;
				LastUpgradeCheck = 0460;
				ORGANIZATIONNAME = "Hoa Diem Nguyet";
				TargetAttributes = {
					170A8E13178F59AD00853682 = {
						DevelopmentTeam = 456HYLV3SG;
					};
				};
			};
			buildConfigurationList = 170A8E0F178F59AD00853682 /* Build configuration list for PBXProject "qCommander" */;
			compatibilityVersion = "Xcode 3.2";
			developmentRegion = English;
			hasScannedForEncodings = 0;
			knownRegions = (
				en,
			);
			mainGroup = 170A8E0B178F59AD00853682;
			productRefGroup = 170A8E15178F59AD00853682 /* Products */;
			projectDirPath = "";
			projectRoot = "";
			targets = (
				170A8E13178F59AD00853682 /* qCommander */,
				170A8E3C178F59AE00853682 /* qCommanderTests */,
			);
		};
/* End PBXProject section */

/* Begin PBXResourcesBuildPhase section */
		170A8E12178F59AD00853682 /* Resources */ = {
			isa = PBXResourcesBuildPhase;
			buildActionMask = 2147483647;
			files = (
				17DCF98A18794D7C00CEABDA /* Roboto-Thin.ttf in Resources */,
				17FCE633187A933A0002F824 /* Images.xcassets in Resources */,
				17A89AD3187A797E005E2526 /* sd@2x.png in Resources */,
				17A89ADC187A7AD3005E2526 /* ss_full@2x.png in Resources */,
				170A8E22178F59AE00853682 /* InfoPlist.strings in Resources */,
				17A89AC7187A7410005E2526 /* help2@2x.png in Resources */,
				17A89AB7187A110F005E2526 /* play@2x.png in Resources */,
				170A8E2A178F59AE00853682 /* Default.png in Resources */,
				17AEAB30188B12B9004FFCFC /* camera_g@2x.png in Resources */,
				17A89ABD187A14F3005E2526 /* slide_pop@2x.png in Resources */,
				17A913FD187D4A4000EEDCAD /* page4.png in Resources */,
				1796D1631882250D001E2C3B /* MainStoryboard_iPad.storyboard in Resources */,
				17DCF98D18794D7C00CEABDA /* Roboto-Medium.ttf in Resources */,
				17DCF99218794D7C00CEABDA /* Roboto-Bold.ttf in Resources */,
				170A8E2C178F59AE00853682 /* Default@2x.png in Resources */,
				170A8E2E178F59AE00853682 /* Default-568h@2x.png in Resources */,
				170A8E31178F59AE00853682 /* MainStoryboard_iPhone.storyboard in Resources */,
				17A913FB187D4A4000EEDCAD /* page2.png in Resources */,
				17A913FA187D4A4000EEDCAD /* page1.png in Resources */,
				17A913FC187D4A4000EEDCAD /* page3.png in Resources */,
				17A89ABB187A11DE005E2526 /* prev@2x.png in Resources */,
				17A89ABF187A5D36005E2526 /* camera@2x.png in Resources */,
				17AEAB32188B329D004FFCFC /* camera_r@2x.png in Resources */,
				17A89AB5187A1015005E2526 /* last@2x.png in Resources */,
				17A89ADA187A7AD3005E2526 /* rs@2x.png in Resources */,
				17A89AB4187A1015005E2526 /* first@2x.png in Resources */,
				17AEAB34188B33BE004FFCFC /* camera_b@2x.png in Resources */,
				17DCF99318794D7C00CEABDA /* Roboto-BlackItalic.ttf in Resources */,
				17A89AC3187A6F2F005E2526 /* help@2x.png in Resources */,
				17DCF99418794D7C00CEABDA /* Roboto-Black.ttf in Resources */,
				17A89AC5187A6F87005E2526 /* help_s@2x.png in Resources */,
				1747F772178FCF1700FC2BF9 /* zbar-back.png in Resources */,
				17FCE636187A9B4F0002F824 /* connect_s@2x.png in Resources */,
				17DCF98F18794D7C00CEABDA /* Roboto-Light.ttf in Resources */,
				1747F773178FCF1700FC2BF9 /* zbar-help.html in Resources */,
				17DCF99118794D7C00CEABDA /* Roboto-BoldItalic.ttf in Resources */,
				1747F774178FCF1700FC2BF9 /* zbar-helpicons.png in Resources */,
				17FCE637187A9B4F0002F824 /* connect@2x.png in Resources */,
				17A72E381872BE8B0028A66A /* empty_sound.mp3 in Resources */,
				17A89ADB187A7AD3005E2526 /* ss.png in Resources */,
				17DCF98C18794D7C00CEABDA /* Roboto-MediumItalic.ttf in Resources */,
				17FCE639187A9FC20002F824 /* changelog in Resources */,
				17A89AD9187A7AD3005E2526 /* rabbit_full@2x.png in Resources */,
				17DCF98E18794D7C00CEABDA /* Roboto-LightItalic.ttf in Resources */,
				17DCF98B18794D7C00CEABDA /* Roboto-Regular.ttf in Resources */,
				17A89ABA187A11DE005E2526 /* next@2x.png in Resources */,
				17DCF99018794D7C00CEABDA /* Roboto-Italic.ttf in Resources */,
				1747F775178FCF1700FC2BF9 /* zbar-samples.png in Resources */,
				17DCF98918794D7C00CEABDA /* Roboto-ThinItalic.ttf in Resources */,
			);
			runOnlyForDeploymentPostprocessing = 0;
		};
		170A8E3A178F59AE00853682 /* Resources */ = {
			isa = PBXResourcesBuildPhase;
			buildActionMask = 2147483647;
			files = (
				170A8E49178F59AE00853682 /* InfoPlist.strings in Resources */,
			);
			runOnlyForDeploymentPostprocessing = 0;
		};
/* End PBXResourcesBuildPhase section */

/* Begin PBXShellScriptBuildPhase section */
		170A8E3B178F59AE00853682 /* ShellScript */ = {
			isa = PBXShellScriptBuildPhase;
			buildActionMask = 2147483647;
			files = (
			);
			inputPaths = (
			);
			outputPaths = (
			);
			runOnlyForDeploymentPostprocessing = 0;
			shellPath = /bin/sh;
			shellScript = "# Run the unit tests in this test bundle.\n\"${SYSTEM_DEVELOPER_DIR}/Tools/RunUnitTests\"\n";
		};
		19238C3CD1C1409A90CA97DA /* Check Pods Manifest.lock */ = {
			isa = PBXShellScriptBuildPhase;
			buildActionMask = 2147483647;
			files = (
			);
			inputPaths = (
			);
			name = "Check Pods Manifest.lock";
			outputPaths = (
			);
			runOnlyForDeploymentPostprocessing = 0;
			shellPath = /bin/sh;
			shellScript = "diff \"${PODS_ROOT}/../Podfile.lock\" \"${PODS_ROOT}/Manifest.lock\" > /dev/null\nif [[ $? != 0 ]] ; then\n    cat << EOM\nerror: The sandbox is not in sync with the Podfile.lock. Run 'pod install' or update your CocoaPods installation.\nEOM\n    exit 1\nfi\n";
			showEnvVarsInLog = 0;
		};
		779987179DA344018AEF4E25 /* Copy Pods Resources */ = {
			isa = PBXShellScriptBuildPhase;
			buildActionMask = 2147483647;
			files = (
			);
			inputPaths = (
			);
			name = "Copy Pods Resources";
			outputPaths = (
			);
			runOnlyForDeploymentPostprocessing = 0;
			shellPath = /bin/sh;
			shellScript = "\"${SRCROOT}/Pods/Pods-resources.sh\"\n";
			showEnvVarsInLog = 0;
		};
/* End PBXShellScriptBuildPhase section */

/* Begin PBXSourcesBuildPhase section */
		170A8E10178F59AD00853682 /* Sources */ = {
			isa = PBXSourcesBuildPhase;
			buildActionMask = 2147483647;
			files = (
				174D31CF185F1558003A2E68 /* HelpPageViewController.m in Sources */,
				170A067B18644A3B00E17B4C /* AXQSlide.m in Sources */,
				172B1EDE185E3B510060C973 /* AXRemoteController.m in Sources */,
				170A8E24178F59AE00853682 /* main.m in Sources */,
				177921E8185E4F9A00EF5CE2 /* UIViewController+BackButton.m in Sources */,
				170A8E28178F59AE00853682 /* AXAppDelegate.m in Sources */,
				170A067E18644D0400E17B4C /* AXControl.m in Sources */,
				1753F10E187C06190064C69B /* AXHelpViewController.m in Sources */,
				170A8E37178F59AE00853682 /* AXViewController.m in Sources */,
			);
			runOnlyForDeploymentPostprocessing = 0;
		};
		170A8E38178F59AE00853682 /* Sources */ = {
			isa = PBXSourcesBuildPhase;
			buildActionMask = 2147483647;
			files = (
				170A8E4C178F59AE00853682 /* qCommanderTests.m in Sources */,
			);
			runOnlyForDeploymentPostprocessing = 0;
		};
/* End PBXSourcesBuildPhase section */

/* Begin PBXTargetDependency section */
		170A8E43178F59AE00853682 /* PBXTargetDependency */ = {
			isa = PBXTargetDependency;
			target = 170A8E13178F59AD00853682 /* qCommander */;
			targetProxy = 170A8E42178F59AE00853682 /* PBXContainerItemProxy */;
		};
/* End PBXTargetDependency section */

/* Begin PBXVariantGroup section */
		170A8E20178F59AE00853682 /* InfoPlist.strings */ = {
			isa = PBXVariantGroup;
			children = (
				170A8E21178F59AE00853682 /* en */,
			);
			name = InfoPlist.strings;
			sourceTree = "<group>";
		};
		170A8E2F178F59AE00853682 /* MainStoryboard_iPhone.storyboard */ = {
			isa = PBXVariantGroup;
			children = (
				170A8E30178F59AE00853682 /* en */,
			);
			name = MainStoryboard_iPhone.storyboard;
			sourceTree = "<group>";
		};
		170A8E47178F59AE00853682 /* InfoPlist.strings */ = {
			isa = PBXVariantGroup;
			children = (
				170A8E48178F59AE00853682 /* en */,
			);
			name = InfoPlist.strings;
			sourceTree = "<group>";
		};
		1796D1611882250D001E2C3B /* MainStoryboard_iPad.storyboard */ = {
			isa = PBXVariantGroup;
			children = (
				1796D1621882250D001E2C3B /* en */,
			);
			name = MainStoryboard_iPad.storyboard;
			sourceTree = "<group>";
		};
/* End PBXVariantGroup section */

/* Begin XCBuildConfiguration section */
		170A8E4D178F59AE00853682 /* Debug */ = {
			isa = XCBuildConfiguration;
			buildSettings = {
				ALWAYS_SEARCH_USER_PATHS = NO;
				CLANG_CXX_LANGUAGE_STANDARD = "gnu++0x";
				CLANG_CXX_LIBRARY = "libc++";
				CLANG_ENABLE_OBJC_ARC = YES;
				CLANG_WARN_CONSTANT_CONVERSION = YES;
				CLANG_WARN_EMPTY_BODY = YES;
				CLANG_WARN_ENUM_CONVERSION = YES;
				CLANG_WARN_INT_CONVERSION = YES;
				CLANG_WARN__DUPLICATE_METHOD_MATCH = YES;
				"CODE_SIGN_IDENTITY[sdk=iphoneos*]" = "iPhone Distribution";
				COPY_PHASE_STRIP = NO;
				GCC_C_LANGUAGE_STANDARD = gnu99;
				GCC_DYNAMIC_NO_PIC = NO;
				GCC_OPTIMIZATION_LEVEL = 0;
				GCC_PREPROCESSOR_DEFINITIONS = (
					"DEBUG=1",
					"$(inherited)",
				);
				GCC_SYMBOLS_PRIVATE_EXTERN = NO;
				GCC_WARN_ABOUT_RETURN_TYPE = YES;
				GCC_WARN_UNINITIALIZED_AUTOS = YES;
				GCC_WARN_UNUSED_VARIABLE = YES;
				IPHONEOS_DEPLOYMENT_TARGET = 7.0;
				ONLY_ACTIVE_ARCH = YES;
				SDKROOT = iphoneos;
				TARGETED_DEVICE_FAMILY = "1,2";
			};
			name = Debug;
		};
		170A8E4E178F59AE00853682 /* Release */ = {
			isa = XCBuildConfiguration;
			buildSettings = {
				ALWAYS_SEARCH_USER_PATHS = NO;
				CLANG_CXX_LANGUAGE_STANDARD = "gnu++0x";
				CLANG_CXX_LIBRARY = "libc++";
				CLANG_ENABLE_OBJC_ARC = YES;
				CLANG_WARN_CONSTANT_CONVERSION = YES;
				CLANG_WARN_EMPTY_BODY = YES;
				CLANG_WARN_ENUM_CONVERSION = YES;
				CLANG_WARN_INT_CONVERSION = YES;
				CLANG_WARN__DUPLICATE_METHOD_MATCH = YES;
				"CODE_SIGN_IDENTITY[sdk=iphoneos*]" = "iPhone Distribution";
				COPY_PHASE_STRIP = YES;
				GCC_C_LANGUAGE_STANDARD = gnu99;
				GCC_WARN_ABOUT_RETURN_TYPE = YES;
				GCC_WARN_UNINITIALIZED_AUTOS = YES;
				GCC_WARN_UNUSED_VARIABLE = YES;
				IPHONEOS_DEPLOYMENT_TARGET = 7.0;
				OTHER_CFLAGS = "-DNS_BLOCK_ASSERTIONS=1";
				SDKROOT = iphoneos;
				TARGETED_DEVICE_FAMILY = "1,2";
				VALIDATE_PRODUCT = YES;
			};
			name = Release;
		};
		170A8E50178F59AE00853682 /* Debug */ = {
			isa = XCBuildConfiguration;
			baseConfigurationReference = DAA78B1A00084096AE9E0B1E /* Pods.xcconfig */;
			buildSettings = {
				ARCHS = "$(ARCHS_STANDARD)";
				ASSETCATALOG_COMPILER_APPICON_NAME = AppIcon;
				ASSETCATALOG_COMPILER_LAUNCHIMAGE_NAME = LaunchImage;
				CODE_SIGN_IDENTITY = "iPhone Distribution";
				"CODE_SIGN_IDENTITY[sdk=iphoneos*]" = "iPhone Distribution";
				GCC_PRECOMPILE_PREFIX_HEADER = YES;
				GCC_PREFIX_HEADER = "qCommander/qCommander-Prefix.pch";
				INFOPLIST_FILE = "qCommander/qCommander-Info.plist";
				IPHONEOS_DEPLOYMENT_TARGET = 6.0;
				LIBRARY_SEARCH_PATHS = (
					"$(inherited)",
					"\"$(SRCROOT)/ZBarSDK\"",
				);
				PRODUCT_NAME = QSlider;
				PROVISIONING_PROFILE = "";
				TARGETED_DEVICE_FAMILY = 1;
				WRAPPER_EXTENSION = app;
			};
			name = Debug;
		};
		170A8E51178F59AE00853682 /* Release */ = {
			isa = XCBuildConfiguration;
			baseConfigurationReference = DAA78B1A00084096AE9E0B1E /* Pods.xcconfig */;
			buildSettings = {
				ARCHS = "$(ARCHS_STANDARD)";
				ASSETCATALOG_COMPILER_APPICON_NAME = AppIcon;
				ASSETCATALOG_COMPILER_LAUNCHIMAGE_NAME = LaunchImage;
				CODE_SIGN_IDENTITY = "iPhone Distribution";
				"CODE_SIGN_IDENTITY[sdk=iphoneos*]" = "iPhone Distribution";
				GCC_PRECOMPILE_PREFIX_HEADER = YES;
				GCC_PREFIX_HEADER = "qCommander/qCommander-Prefix.pch";
				INFOPLIST_FILE = "qCommander/qCommander-Info.plist";
				IPHONEOS_DEPLOYMENT_TARGET = 6.0;
				LIBRARY_SEARCH_PATHS = (
					"$(inherited)",
					"\"$(SRCROOT)/ZBarSDK\"",
				);
				PRODUCT_NAME = QSlider;
				PROVISIONING_PROFILE = "";
				TARGETED_DEVICE_FAMILY = 1;
				WRAPPER_EXTENSION = app;
			};
			name = Release;
		};
		170A8E53178F59AE00853682 /* Debug */ = {
			isa = XCBuildConfiguration;
			buildSettings = {
				BUNDLE_LOADER = "$(BUILT_PRODUCTS_DIR)/qCommander.app/qCommander";
				FRAMEWORK_SEARCH_PATHS = (
					"\"$(SDKROOT)/Developer/Library/Frameworks\"",
					"\"$(DEVELOPER_LIBRARY_DIR)/Frameworks\"",
				);
				GCC_PRECOMPILE_PREFIX_HEADER = YES;
				GCC_PREFIX_HEADER = "qCommander/qCommander-Prefix.pch";
				INFOPLIST_FILE = "qCommanderTests/qCommanderTests-Info.plist";
				PRODUCT_NAME = "$(TARGET_NAME)";
				TEST_HOST = "$(BUNDLE_LOADER)";
				WRAPPER_EXTENSION = octest;
			};
			name = Debug;
		};
		170A8E54178F59AE00853682 /* Release */ = {
			isa = XCBuildConfiguration;
			buildSettings = {
				BUNDLE_LOADER = "$(BUILT_PRODUCTS_DIR)/qCommander.app/qCommander";
				FRAMEWORK_SEARCH_PATHS = (
					"\"$(SDKROOT)/Developer/Library/Frameworks\"",
					"\"$(DEVELOPER_LIBRARY_DIR)/Frameworks\"",
				);
				GCC_PRECOMPILE_PREFIX_HEADER = YES;
				GCC_PREFIX_HEADER = "qCommander/qCommander-Prefix.pch";
				INFOPLIST_FILE = "qCommanderTests/qCommanderTests-Info.plist";
				PRODUCT_NAME = "$(TARGET_NAME)";
				TEST_HOST = "$(BUNDLE_LOADER)";
				WRAPPER_EXTENSION = octest;
			};
			name = Release;
		};
/* End XCBuildConfiguration section */

/* Begin XCConfigurationList section */
		170A8E0F178F59AD00853682 /* Build configuration list for PBXProject "qCommander" */ = {
			isa = XCConfigurationList;
			buildConfigurations = (
				170A8E4D178F59AE00853682 /* Debug */,
				170A8E4E178F59AE00853682 /* Release */,
			);
			defaultConfigurationIsVisible = 0;
			defaultConfigurationName = Release;
		};
		170A8E4F178F59AE00853682 /* Build configuration list for PBXNativeTarget "qCommander" */ = {
			isa = XCConfigurationList;
			buildConfigurations = (
				170A8E50178F59AE00853682 /* Debug */,
				170A8E51178F59AE00853682 /* Release */,
			);
			defaultConfigurationIsVisible = 0;
			defaultConfigurationName = Release;
		};
		170A8E52178F59AE00853682 /* Build configuration list for PBXNativeTarget "qCommanderTests" */ = {
			isa = XCConfigurationList;
			buildConfigurations = (
				170A8E53178F59AE00853682 /* Debug */,
				170A8E54178F59AE00853682 /* Release */,
			);
			defaultConfigurationIsVisible = 0;
			defaultConfigurationName = Release;
		};
/* End XCConfigurationList section */
	};
	rootObject = 170A8E0C178F59AD00853682 /* Project object */;
}
